
Microsoft Visual Studio Solution File, Format Version 12.00
# Visual Studio Version 17
VisualStudioVersion = 17.3.32901.215
MinimumVisualStudioVersion = 10.0.40219.1
Project("{9A19103F-16F7-4668-BE54-9A1E7A4F7556}") = "TechPartsWebSite", "TechPartsWebSite\TechPartsWebSite.csproj", "{EE5D94D7-EE93-4A2A-B531-F6F6E9A9A038}"
EndProject
Global
	GlobalSection(SolutionConfigurationPlatforms) = preSolution
		Debug|Any CPU = Debug|Any CPU
		Release|Any CPU = Release|Any CPU
	EndGlobalSection
	GlobalSection(ProjectConfigurationPlatforms) = postSolution
		{EE5D94D7-EE93-4A2A-B531-F6F6E9A9A038}.Debug|Any CPU.ActiveCfg = Debug|Any CPU
		{EE5D94D7-EE93-4A2A-B531-F6F6E9A9A038}.Debug|Any CPU.Build.0 = Debug|Any CPU
		{EE5D94D7-EE93-4A2A-B531-F6F6E9A9A038}.Release|Any CPU.ActiveCfg = Release|Any CPU
		{EE5D94D7-EE93-4A2A-B531-F6F6E9A9A038}.Release|Any CPU.Build.0 = Release|Any CPU
	EndGlobalSection
	GlobalSection(SolutionProperties) = preSolution
		HideSolutionNode = FALSE
	EndGlobalSection
	GlobalSection(ExtensibilityGlobals) = postSolution
		SolutionGuid = {4851F0AC-E817-4D8B-A7FB-A984B612CA5E}
	EndGlobalSection
EndGlobal
